
Microsoft Visual Studio Solution File, Format Version 12.00
# Visual Studio Version 16
VisualStudioVersion = 16.0.30907.101
MinimumVisualStudioVersion = 10.0.40219.1
Project("{FAE04EC0-301F-11D3-BF4B-00C04F79EFBC}") = "ChatServiceLibrary", "ChatServiceLibrary\ChatServiceLibrary.csproj", "{AFBCEEB3-42B1-40DA-A93B-3358FE01B698}"
EndProject
Project("{FAE04EC0-301F-11D3-BF4B-00C04F79EFBC}") = "ChatServiceHost", "ChatServiceHost\ChatServiceHost.csproj", "{2F9EBA8F-6B7E-4F7C-8C18-169819315D98}"
EndProject
Project("{FAE04EC0-301F-11D3-BF4B-00C04F79EFBC}") = "Client", "Client\Client.csproj", "{414ABDA4-73AF-48E6-B783-3DA8F3B17386}"
EndProject
Global
	GlobalSection(SolutionConfigurationPlatforms) = preSolution
		Debug|Any CPU = Debug|Any CPU
		Release|Any CPU = Release|Any CPU
	EndGlobalSection
	GlobalSection(ProjectConfigurationPlatforms) = postSolution
		{AFBCEEB3-42B1-40DA-A93B-3358FE01B698}.Debug|Any CPU.ActiveCfg = Debug|Any CPU
		{AFBCEEB3-42B1-40DA-A93B-3358FE01B698}.Debug|Any CPU.Build.0 = Debug|Any CPU
		{AFBCEEB3-42B1-40DA-A93B-3358FE01B698}.Release|Any CPU.ActiveCfg = Release|Any CPU
		{AFBCEEB3-42B1-40DA-A93B-3358FE01B698}.Release|Any CPU.Build.0 = Release|Any CPU
		{2F9EBA8F-6B7E-4F7C-8C18-169819315D98}.Debug|Any CPU.ActiveCfg = Debug|Any CPU
		{2F9EBA8F-6B7E-4F7C-8C18-169819315D98}.Debug|Any CPU.Build.0 = Debug|Any CPU
		{2F9EBA8F-6B7E-4F7C-8C18-169819315D98}.Release|Any CPU.ActiveCfg = Release|Any CPU
		{2F9EBA8F-6B7E-4F7C-8C18-169819315D98}.Release|Any CPU.Build.0 = Release|Any CPU
		{414ABDA4-73AF-48E6-B783-3DA8F3B17386}.Debug|Any CPU.ActiveCfg = Debug|Any CPU
		{414ABDA4-73AF-48E6-B783-3DA8F3B17386}.Debug|Any CPU.Build.0 = Debug|Any CPU
		{414ABDA4-73AF-48E6-B783-3DA8F3B17386}.Release|Any CPU.ActiveCfg = Release|Any CPU
		{414ABDA4-73AF-48E6-B783-3DA8F3B17386}.Release|Any CPU.Build.0 = Release|Any CPU
	EndGlobalSection
	GlobalSection(SolutionProperties) = preSolution
		HideSolutionNode = FALSE
	EndGlobalSection
	GlobalSection(ExtensibilityGlobals) = postSolution
		SolutionGuid = {08022FDF-304A-4DC8-8F83-C63A0638264B}
	EndGlobalSection
EndGlobal
